github.com/thebigkoch/go-lib v0.1.0 h1:xoFSaTaD85WLknyGLe+fCiBjEPmZPu0kXe9x9A/gAHM=
github.com/thebigkoch/go-lib v0.1.0/go.mod h1:hLFBMujLM/wkGPgZoIUiKsi+CJFXpQ9nUc7x0ESgFcs=
github.com/thebigkoch/go-lib v0.2.0 h1:e+mpOf64WspFM6crn3mYnE/t8AeLhPW7hJELDBy/qYE=
github.com/thebigkoch/go-lib v0.2.0/go.mod h1:hLFBMujLM/wkGPgZoIUiKsi+CJFXpQ9nUc7x0ESgFcs=
